
Microsoft Visual Studio Solution File, Format Version 12.00
# Visual Studio 15
VisualStudioVersion = 15.0.28307.421
MinimumVisualStudioVersion = 10.0.40219.1
Project("{9A19103F-16F7-4668-BE54-9A1E7A4F7556}") = "IMJunior", "IMJunior\IMJunior.csproj", "{B056F23C-EF40-4732-8B94-22F0FC9E2A00}"
EndProject
Project("{2150E333-8FDC-42A3-9474-1A3956D46DE8}") = "SuperDrive", "SuperDrive", "{4175866B-B73B-42EB-AD24-DBDC38AAB259}"
EndProject
Project("{2150E333-8FDC-42A3-9474-1A3956D46DE8}") = "App", "App", "{90519193-5C19-40B7-94F3-7C7888618E0D}"
EndProject
Project("{FAE04EC0-301F-11D3-BF4B-00C04F79EFBC}") = "SuperDrive.WinForms", "SuperDrive\App\SuperDrive.WinForms\SuperDrive.WinForms.csproj", "{50954F41-7C6E-4E33-B56F-696B62149B3B}"
EndProject
Project("{2150E333-8FDC-42A3-9474-1A3956D46DE8}") = "Domain", "Domain", "{9B0A350D-598E-4C17-9A87-5931ECB55151}"
EndProject
Project("{2150E333-8FDC-42A3-9474-1A3956D46DE8}") = "Libs", "Libs", "{ADE6F0C5-0E84-4E62-986D-25C557217BBA}"
EndProject
Project("{9A19103F-16F7-4668-BE54-9A1E7A4F7556}") = "SuperDrive.Domain.Students", "SuperDrive\Domain\SuperDrive.Domain.Students\SuperDrive.Domain.Students.csproj", "{EA35042F-B07A-4FC2-B36C-375A35102097}"
EndProject
Project("{9A19103F-16F7-4668-BE54-9A1E7A4F7556}") = "SuperDrive.Domain.Core", "SuperDrive\Domain\SuperDrive.Domain.Core\SuperDrive.Domain.Core.csproj", "{1CA6A0EC-467A-40E9-AD0B-BD10F3AA975D}"
EndProject
Project("{9A19103F-16F7-4668-BE54-9A1E7A4F7556}") = "SuperDrive.Domain.Exams", "SuperDrive\Domain\SuperDrive.Domain.Exams\SuperDrive.Domain.Exams.csproj", "{82430C83-F7A2-40AE-95E6-D1C6B1696893}"
EndProject
Project("{9A19103F-16F7-4668-BE54-9A1E7A4F7556}") = "SuperDrive.Libs.Validation", "SuperDrive\Libs\SuperDrive.Libs.Validation\SuperDrive.Libs.Validation.csproj", "{F71FB159-B020-43E3-B7EB-7A00FD90A317}"
EndProject
Project("{9A19103F-16F7-4668-BE54-9A1E7A4F7556}") = "SuperDrive.Domain.Students.Command", "SuperDrive\Domain\SuperDrive.Domain.Students.Command\SuperDrive.Domain.Students.Command.csproj", "{ED4468F1-AB31-4764-B802-F2E387F4D508}"
EndProject
Project("{9A19103F-16F7-4668-BE54-9A1E7A4F7556}") = "SuperDrive.Domain.Students.Query", "SuperDrive\Domain\SuperDrive.Domain.Students.Query\SuperDrive.Domain.Students.Query.csproj", "{8F25968F-AA8D-4DF8-836B-D83622046F9E}"
EndProject
Project("{9A19103F-16F7-4668-BE54-9A1E7A4F7556}") = "SuperDrive.Domain.Exams.Command", "SuperDrive\Domain\SuperDrive.Domain.Exams.Command\SuperDrive.Domain.Exams.Command.csproj", "{D464395A-0E05-4CC3-89DB-A71E49D7B811}"
EndProject
Project("{9A19103F-16F7-4668-BE54-9A1E7A4F7556}") = "SuperDrive.Domain.Exams.Query", "SuperDrive\Domain\SuperDrive.Domain.Exams.Query\SuperDrive.Domain.Exams.Query.csproj", "{9D4F488B-FD95-4CCF-A7E8-0984B8CBF953}"
EndProject
Project("{9A19103F-16F7-4668-BE54-9A1E7A4F7556}") = "SuperDrive.Domain.Generic.OleDb", "SuperDrive\Domain\SuperDrive.Domain.Generic.OleDb\SuperDrive.Domain.Generic.OleDb.csproj", "{F5D820FF-4771-4091-AA3F-0247D18B9817}"
EndProject
Project("{9A19103F-16F7-4668-BE54-9A1E7A4F7556}") = "SuperDrive.Libs.BubleSort", "SuperDrive\Libs\SuperDrive.Libs.BubleSort\SuperDrive.Libs.BubleSort.csproj", "{5F1C0A30-9A92-45B5-B318-A87D60F273B2}"
EndProject
Project("{2150E333-8FDC-42A3-9474-1A3956D46DE8}") = "Util", "Util", "{9EDD0BEA-C45D-467C-83B1-17B16612E95C}"
EndProject
Project("{9A19103F-16F7-4668-BE54-9A1E7A4F7556}") = "SuperDrive.Util.ConnectionStringProviders", "SuperDrive\Util\SuperDrive.Util.ConnectionStringProviders\SuperDrive.Util.ConnectionStringProviders.csproj", "{F746AC5F-4AC4-4B16-85FA-97672F58C1DE}"
EndProject
Global
	GlobalSection(SolutionConfigurationPlatforms) = preSolution
		Debug|Any CPU = Debug|Any CPU
		Release|Any CPU = Release|Any CPU
	EndGlobalSection
	GlobalSection(ProjectConfigurationPlatforms) = postSolution
		{B056F23C-EF40-4732-8B94-22F0FC9E2A00}.Debug|Any CPU.ActiveCfg = Debug|Any CPU
		{B056F23C-EF40-4732-8B94-22F0FC9E2A00}.Debug|Any CPU.Build.0 = Debug|Any CPU
		{B056F23C-EF40-4732-8B94-22F0FC9E2A00}.Release|Any CPU.ActiveCfg = Release|Any CPU
		{B056F23C-EF40-4732-8B94-22F0FC9E2A00}.Release|Any CPU.Build.0 = Release|Any CPU
		{50954F41-7C6E-4E33-B56F-696B62149B3B}.Debug|Any CPU.ActiveCfg = Debug|Any CPU
		{50954F41-7C6E-4E33-B56F-696B62149B3B}.Debug|Any CPU.Build.0 = Debug|Any CPU
		{50954F41-7C6E-4E33-B56F-696B62149B3B}.Release|Any CPU.ActiveCfg = Release|Any CPU
		{50954F41-7C6E-4E33-B56F-696B62149B3B}.Release|Any CPU.Build.0 = Release|Any CPU
		{EA35042F-B07A-4FC2-B36C-375A35102097}.Debug|Any CPU.ActiveCfg = Debug|Any CPU
		{EA35042F-B07A-4FC2-B36C-375A35102097}.Debug|Any CPU.Build.0 = Debug|Any CPU
		{EA35042F-B07A-4FC2-B36C-375A35102097}.Release|Any CPU.ActiveCfg = Release|Any CPU
		{EA35042F-B07A-4FC2-B36C-375A35102097}.Release|Any CPU.Build.0 = Release|Any CPU
		{1CA6A0EC-467A-40E9-AD0B-BD10F3AA975D}.Debug|Any CPU.ActiveCfg = Debug|Any CPU
		{1CA6A0EC-467A-40E9-AD0B-BD10F3AA975D}.Debug|Any CPU.Build.0 = Debug|Any CPU
		{1CA6A0EC-467A-40E9-AD0B-BD10F3AA975D}.Release|Any CPU.ActiveCfg = Release|Any CPU
		{1CA6A0EC-467A-40E9-AD0B-BD10F3AA975D}.Release|Any CPU.Build.0 = Release|Any CPU
		{82430C83-F7A2-40AE-95E6-D1C6B1696893}.Debug|Any CPU.ActiveCfg = Debug|Any CPU
		{82430C83-F7A2-40AE-95E6-D1C6B1696893}.Debug|Any CPU.Build.0 = Debug|Any CPU
		{82430C83-F7A2-40AE-95E6-D1C6B1696893}.Release|Any CPU.ActiveCfg = Release|Any CPU
		{82430C83-F7A2-40AE-95E6-D1C6B1696893}.Release|Any CPU.Build.0 = Release|Any CPU
		{F71FB159-B020-43E3-B7EB-7A00FD90A317}.Debug|Any CPU.ActiveCfg = Debug|Any CPU
		{F71FB159-B020-43E3-B7EB-7A00FD90A317}.Debug|Any CPU.Build.0 = Debug|Any CPU
		{F71FB159-B020-43E3-B7EB-7A00FD90A317}.Release|Any CPU.ActiveCfg = Release|Any CPU
		{F71FB159-B020-43E3-B7EB-7A00FD90A317}.Release|Any CPU.Build.0 = Release|Any CPU
		{ED4468F1-AB31-4764-B802-F2E387F4D508}.Debug|Any CPU.ActiveCfg = Debug|Any CPU
		{ED4468F1-AB31-4764-B802-F2E387F4D508}.Debug|Any CPU.Build.0 = Debug|Any CPU
		{ED4468F1-AB31-4764-B802-F2E387F4D508}.Release|Any CPU.ActiveCfg = Release|Any CPU
		{ED4468F1-AB31-4764-B802-F2E387F4D508}.Release|Any CPU.Build.0 = Release|Any CPU
		{8F25968F-AA8D-4DF8-836B-D83622046F9E}.Debug|Any CPU.ActiveCfg = Debug|Any CPU
		{8F25968F-AA8D-4DF8-836B-D83622046F9E}.Debug|Any CPU.Build.0 = Debug|Any CPU
		{8F25968F-AA8D-4DF8-836B-D83622046F9E}.Release|Any CPU.ActiveCfg = Release|Any CPU
		{8F25968F-AA8D-4DF8-836B-D83622046F9E}.Release|Any CPU.Build.0 = Release|Any CPU
		{D464395A-0E05-4CC3-89DB-A71E49D7B811}.Debug|Any CPU.ActiveCfg = Debug|Any CPU
		{D464395A-0E05-4CC3-89DB-A71E49D7B811}.Debug|Any CPU.Build.0 = Debug|Any CPU
		{D464395A-0E05-4CC3-89DB-A71E49D7B811}.Release|Any CPU.ActiveCfg = Release|Any CPU
		{D464395A-0E05-4CC3-89DB-A71E49D7B811}.Release|Any CPU.Build.0 = Release|Any CPU
		{9D4F488B-FD95-4CCF-A7E8-0984B8CBF953}.Debug|Any CPU.ActiveCfg = Debug|Any CPU
		{9D4F488B-FD95-4CCF-A7E8-0984B8CBF953}.Debug|Any CPU.Build.0 = Debug|Any CPU
		{9D4F488B-FD95-4CCF-A7E8-0984B8CBF953}.Release|Any CPU.ActiveCfg = Release|Any CPU
		{9D4F488B-FD95-4CCF-A7E8-0984B8CBF953}.Release|Any CPU.Build.0 = Release|Any CPU
		{F5D820FF-4771-4091-AA3F-0247D18B9817}.Debug|Any CPU.ActiveCfg = Debug|Any CPU
		{F5D820FF-4771-4091-AA3F-0247D18B9817}.Debug|Any CPU.Build.0 = Debug|Any CPU
		{F5D820FF-4771-4091-AA3F-0247D18B9817}.Release|Any CPU.ActiveCfg = Release|Any CPU
		{F5D820FF-4771-4091-AA3F-0247D18B9817}.Release|Any CPU.Build.0 = Release|Any CPU
		{5F1C0A30-9A92-45B5-B318-A87D60F273B2}.Debug|Any CPU.ActiveCfg = Debug|Any CPU
		{5F1C0A30-9A92-45B5-B318-A87D60F273B2}.Debug|Any CPU.Build.0 = Debug|Any CPU
		{5F1C0A30-9A92-45B5-B318-A87D60F273B2}.Release|Any CPU.ActiveCfg = Release|Any CPU
		{5F1C0A30-9A92-45B5-B318-A87D60F273B2}.Release|Any CPU.Build.0 = Release|Any CPU
		{F746AC5F-4AC4-4B16-85FA-97672F58C1DE}.Debug|Any CPU.ActiveCfg = Debug|Any CPU
		{F746AC5F-4AC4-4B16-85FA-97672F58C1DE}.Debug|Any CPU.Build.0 = Debug|Any CPU
		{F746AC5F-4AC4-4B16-85FA-97672F58C1DE}.Release|Any CPU.ActiveCfg = Release|Any CPU
		{F746AC5F-4AC4-4B16-85FA-97672F58C1DE}.Release|Any CPU.Build.0 = Release|Any CPU
	EndGlobalSection
	GlobalSection(SolutionProperties) = preSolution
		HideSolutionNode = FALSE
	EndGlobalSection
	GlobalSection(NestedProjects) = preSolution
		{90519193-5C19-40B7-94F3-7C7888618E0D} = {4175866B-B73B-42EB-AD24-DBDC38AAB259}
		{50954F41-7C6E-4E33-B56F-696B62149B3B} = {90519193-5C19-40B7-94F3-7C7888618E0D}
		{9B0A350D-598E-4C17-9A87-5931ECB55151} = {4175866B-B73B-42EB-AD24-DBDC38AAB259}
		{ADE6F0C5-0E84-4E62-986D-25C557217BBA} = {4175866B-B73B-42EB-AD24-DBDC38AAB259}
		{EA35042F-B07A-4FC2-B36C-375A35102097} = {9B0A350D-598E-4C17-9A87-5931ECB55151}
		{1CA6A0EC-467A-40E9-AD0B-BD10F3AA975D} = {9B0A350D-598E-4C17-9A87-5931ECB55151}
		{82430C83-F7A2-40AE-95E6-D1C6B1696893} = {9B0A350D-598E-4C17-9A87-5931ECB55151}
		{F71FB159-B020-43E3-B7EB-7A00FD90A317} = {ADE6F0C5-0E84-4E62-986D-25C557217BBA}
		{ED4468F1-AB31-4764-B802-F2E387F4D508} = {9B0A350D-598E-4C17-9A87-5931ECB55151}
		{8F25968F-AA8D-4DF8-836B-D83622046F9E} = {9B0A350D-598E-4C17-9A87-5931ECB55151}
		{D464395A-0E05-4CC3-89DB-A71E49D7B811} = {9B0A350D-598E-4C17-9A87-5931ECB55151}
		{9D4F488B-FD95-4CCF-A7E8-0984B8CBF953} = {9B0A350D-598E-4C17-9A87-5931ECB55151}
		{F5D820FF-4771-4091-AA3F-0247D18B9817} = {9B0A350D-598E-4C17-9A87-5931ECB55151}
		{5F1C0A30-9A92-45B5-B318-A87D60F273B2} = {ADE6F0C5-0E84-4E62-986D-25C557217BBA}
		{9EDD0BEA-C45D-467C-83B1-17B16612E95C} = {4175866B-B73B-42EB-AD24-DBDC38AAB259}
		{F746AC5F-4AC4-4B16-85FA-97672F58C1DE} = {9EDD0BEA-C45D-467C-83B1-17B16612E95C}
	EndGlobalSection
	GlobalSection(ExtensibilityGlobals) = postSolution
		SolutionGuid = {195ECCFF-678C-4DE8-A7FB-AB73558E507E}
	EndGlobalSection
EndGlobal
