
Microsoft Visual Studio Solution File, Format Version 12.00
# Visual Studio 15
VisualStudioVersion = 15.0.28307.421
MinimumVisualStudioVersion = 10.0.40219.1
Project("{FAE04EC0-301F-11D3-BF4B-00C04F79EFBC}") = "TruckTour.ConsoleApp", "TruckTour.ConsoleApp\TruckTour.ConsoleApp.csproj", "{8C5B85BA-4693-4235-AA38-ABC7EB6E397D}"
EndProject
Project("{FAE04EC0-301F-11D3-BF4B-00C04F79EFBC}") = "TruckTour.BLL", "TruckTour.BLL\TruckTour.BLL.csproj", "{007DDACF-705F-442A-AB74-C38E909B33C2}"
EndProject
Project("{FAE04EC0-301F-11D3-BF4B-00C04F79EFBC}") = "TruckTour.Util", "TruckTour.Util\TruckTour.Util.csproj", "{25D21226-1791-49CD-B068-58E1663DE2E7}"
EndProject
Project("{FAE04EC0-301F-11D3-BF4B-00C04F79EFBC}") = "TruckTour.BLL.Tests", "TruckTour.BLL.Tests\TruckTour.BLL.Tests.csproj", "{D65DD844-6E33-45F5-ADBB-5F0D99934D30}"
EndProject
Project("{FAE04EC0-301F-11D3-BF4B-00C04F79EFBC}") = "TruckTour.Util.Tests", "TruckTour.Util.Tests\TruckTour.Util.Tests.csproj", "{53E01D50-4EC0-4813-8883-FBBC77F527FD}"
EndProject
Global
	GlobalSection(SolutionConfigurationPlatforms) = preSolution
		Debug|Any CPU = Debug|Any CPU
		Release|Any CPU = Release|Any CPU
	EndGlobalSection
	GlobalSection(ProjectConfigurationPlatforms) = postSolution
		{8C5B85BA-4693-4235-AA38-ABC7EB6E397D}.Debug|Any CPU.ActiveCfg = Debug|Any CPU
		{8C5B85BA-4693-4235-AA38-ABC7EB6E397D}.Debug|Any CPU.Build.0 = Debug|Any CPU
		{8C5B85BA-4693-4235-AA38-ABC7EB6E397D}.Release|Any CPU.ActiveCfg = Release|Any CPU
		{8C5B85BA-4693-4235-AA38-ABC7EB6E397D}.Release|Any CPU.Build.0 = Release|Any CPU
		{007DDACF-705F-442A-AB74-C38E909B33C2}.Debug|Any CPU.ActiveCfg = Debug|Any CPU
		{007DDACF-705F-442A-AB74-C38E909B33C2}.Debug|Any CPU.Build.0 = Debug|Any CPU
		{007DDACF-705F-442A-AB74-C38E909B33C2}.Release|Any CPU.ActiveCfg = Release|Any CPU
		{007DDACF-705F-442A-AB74-C38E909B33C2}.Release|Any CPU.Build.0 = Release|Any CPU
		{25D21226-1791-49CD-B068-58E1663DE2E7}.Debug|Any CPU.ActiveCfg = Debug|Any CPU
		{25D21226-1791-49CD-B068-58E1663DE2E7}.Debug|Any CPU.Build.0 = Debug|Any CPU
		{25D21226-1791-49CD-B068-58E1663DE2E7}.Release|Any CPU.ActiveCfg = Release|Any CPU
		{25D21226-1791-49CD-B068-58E1663DE2E7}.Release|Any CPU.Build.0 = Release|Any CPU
		{D65DD844-6E33-45F5-ADBB-5F0D99934D30}.Debug|Any CPU.ActiveCfg = Debug|Any CPU
		{D65DD844-6E33-45F5-ADBB-5F0D99934D30}.Debug|Any CPU.Build.0 = Debug|Any CPU
		{D65DD844-6E33-45F5-ADBB-5F0D99934D30}.Release|Any CPU.ActiveCfg = Release|Any CPU
		{D65DD844-6E33-45F5-ADBB-5F0D99934D30}.Release|Any CPU.Build.0 = Release|Any CPU
		{53E01D50-4EC0-4813-8883-FBBC77F527FD}.Debug|Any CPU.ActiveCfg = Debug|Any CPU
		{53E01D50-4EC0-4813-8883-FBBC77F527FD}.Debug|Any CPU.Build.0 = Debug|Any CPU
		{53E01D50-4EC0-4813-8883-FBBC77F527FD}.Release|Any CPU.ActiveCfg = Release|Any CPU
		{53E01D50-4EC0-4813-8883-FBBC77F527FD}.Release|Any CPU.Build.0 = Release|Any CPU
	EndGlobalSection
	GlobalSection(SolutionProperties) = preSolution
		HideSolutionNode = FALSE
	EndGlobalSection
	GlobalSection(ExtensibilityGlobals) = postSolution
		SolutionGuid = {A6C87908-14BA-4BAB-90D6-97B9DE8C375A}
	EndGlobalSection
EndGlobal
